
Microsoft Visual Studio Solution File, Format Version 12.00
# Visual Studio Version 16
VisualStudioVersion = 16.0.810.14
MinimumVisualStudioVersion = 10.0.40219.1
Project("{FAE04EC0-301F-11D3-BF4B-00C04F79EFBC}") = "festival.Server", "festival\Server\festival.Server.csproj", "{60B7E9B7-1470-417F-B900-C4143446ABFF}"
EndProject
Project("{FAE04EC0-301F-11D3-BF4B-00C04F79EFBC}") = "festival.Client", "festival\Client\festival.Client.csproj", "{F4CDC93C-3398-46E0-9DF4-DD45F9E9B6CC}"
EndProject
Project("{FAE04EC0-301F-11D3-BF4B-00C04F79EFBC}") = "festival.Shared", "festival\Shared\festival.Shared.csproj", "{CDF5BC0B-0CBD-4D0D-B66F-AC16CC784FE0}"
EndProject
Global
	GlobalSection(SolutionConfigurationPlatforms) = preSolution
		Debug|Any CPU = Debug|Any CPU
		Release|Any CPU = Release|Any CPU
	EndGlobalSection
	GlobalSection(ProjectConfigurationPlatforms) = postSolution
		{60B7E9B7-1470-417F-B900-C4143446ABFF}.Debug|Any CPU.ActiveCfg = Debug|Any CPU
		{60B7E9B7-1470-417F-B900-C4143446ABFF}.Debug|Any CPU.Build.0 = Debug|Any CPU
		{60B7E9B7-1470-417F-B900-C4143446ABFF}.Release|Any CPU.ActiveCfg = Release|Any CPU
		{60B7E9B7-1470-417F-B900-C4143446ABFF}.Release|Any CPU.Build.0 = Release|Any CPU
		{F4CDC93C-3398-46E0-9DF4-DD45F9E9B6CC}.Debug|Any CPU.ActiveCfg = Debug|Any CPU
		{F4CDC93C-3398-46E0-9DF4-DD45F9E9B6CC}.Debug|Any CPU.Build.0 = Debug|Any CPU
		{F4CDC93C-3398-46E0-9DF4-DD45F9E9B6CC}.Release|Any CPU.ActiveCfg = Release|Any CPU
		{F4CDC93C-3398-46E0-9DF4-DD45F9E9B6CC}.Release|Any CPU.Build.0 = Release|Any CPU
		{CDF5BC0B-0CBD-4D0D-B66F-AC16CC784FE0}.Debug|Any CPU.ActiveCfg = Debug|Any CPU
		{CDF5BC0B-0CBD-4D0D-B66F-AC16CC784FE0}.Debug|Any CPU.Build.0 = Debug|Any CPU
		{CDF5BC0B-0CBD-4D0D-B66F-AC16CC784FE0}.Release|Any CPU.ActiveCfg = Release|Any CPU
		{CDF5BC0B-0CBD-4D0D-B66F-AC16CC784FE0}.Release|Any CPU.Build.0 = Release|Any CPU
	EndGlobalSection
	GlobalSection(SolutionProperties) = preSolution
		HideSolutionNode = FALSE
	EndGlobalSection
	GlobalSection(ExtensibilityGlobals) = postSolution
		SolutionGuid = {2460B78C-6077-424F-8493-EF0085820792}
	EndGlobalSection
EndGlobal
